
Microsoft Visual Studio Solution File, Format Version 12.00
# Visual Studio Version 16
VisualStudioVersion = 16.0.32106.194
MinimumVisualStudioVersion = 10.0.40219.1
Project("{FAE04EC0-301F-11D3-BF4B-00C04F79EFBC}") = "WebApplicationdemogit", "WebApplicationdemogit.csproj", "{3313DD6D-BFBF-4AE1-B09A-050B07830938}"
EndProject
Global
	GlobalSection(SolutionConfigurationPlatforms) = preSolution
		Debug|Any CPU = Debug|Any CPU
		Release|Any CPU = Release|Any CPU
	EndGlobalSection
	GlobalSection(ProjectConfigurationPlatforms) = postSolution
		{3313DD6D-BFBF-4AE1-B09A-050B07830938}.Debug|Any CPU.ActiveCfg = Debug|Any CPU
		{3313DD6D-BFBF-4AE1-B09A-050B07830938}.Debug|Any CPU.Build.0 = Debug|Any CPU
		{3313DD6D-BFBF-4AE1-B09A-050B07830938}.Release|Any CPU.ActiveCfg = Release|Any CPU
		{3313DD6D-BFBF-4AE1-B09A-050B07830938}.Release|Any CPU.Build.0 = Release|Any CPU
	EndGlobalSection
	GlobalSection(SolutionProperties) = preSolution
		HideSolutionNode = FALSE
	EndGlobalSection
	GlobalSection(ExtensibilityGlobals) = postSolution
		SolutionGuid = {01DB8BAC-C4F9-421D-89BF-3083DDDFA56C}
	EndGlobalSection
EndGlobal
